
Microsoft Visual Studio Solution File, Format Version 12.00
# Visual Studio Version 17
VisualStudioVersion = 17.5.33502.453
MinimumVisualStudioVersion = 10.0.40219.1
Project("{FAE04EC0-301F-11D3-BF4B-00C04F79EFBC}") = "Algorithms", "Algorithms.csproj", "{C121D869-63C6-4450-AE24-CAA923813452}"
EndProject
Global
	GlobalSection(SolutionConfigurationPlatforms) = preSolution
		Debug|Any CPU = Debug|Any CPU
		Release|Any CPU = Release|Any CPU
	EndGlobalSection
	GlobalSection(ProjectConfigurationPlatforms) = postSolution
		{C121D869-63C6-4450-AE24-CAA923813452}.Debug|Any CPU.ActiveCfg = Debug|Any CPU
		{C121D869-63C6-4450-AE24-CAA923813452}.Debug|Any CPU.Build.0 = Debug|Any CPU
		{C121D869-63C6-4450-AE24-CAA923813452}.Release|Any CPU.ActiveCfg = Release|Any CPU
		{C121D869-63C6-4450-AE24-CAA923813452}.Release|Any CPU.Build.0 = Release|Any CPU
	EndGlobalSection
	GlobalSection(SolutionProperties) = preSolution
		HideSolutionNode = FALSE
	EndGlobalSection
	GlobalSection(ExtensibilityGlobals) = postSolution
		SolutionGuid = {0551F5E4-6FA1-4A33-B40B-9C833784885A}
	EndGlobalSection
EndGlobal
